
Microsoft Visual Studio Solution File, Format Version 12.00
# Visual Studio Version 16
VisualStudioVersion = 16.0.30413.136
MinimumVisualStudioVersion = 10.0.40219.1
Project("{9A19103F-16F7-4668-BE54-9A1E7A4F7556}") = "ToonView", "ToonView\ToonView.csproj", "{FDEA8A27-E697-4B3D-AA6C-B29A11425322}"
EndProject
Project("{9A19103F-16F7-4668-BE54-9A1E7A4F7556}") = "View.Common", "View.Common\View.Common.csproj", "{DFDF017A-2B73-48B9-979F-D6A83DFFC5DB}"
EndProject
Project("{9A19103F-16F7-4668-BE54-9A1E7A4F7556}") = "View.Services", "View.Services\View.Services.csproj", "{F30CE8E7-1C70-486B-9AC2-F62FFB741334}"
EndProject
Global
	GlobalSection(SolutionConfigurationPlatforms) = preSolution
		Debug|Any CPU = Debug|Any CPU
		Release|Any CPU = Release|Any CPU
	EndGlobalSection
	GlobalSection(ProjectConfigurationPlatforms) = postSolution
		{FDEA8A27-E697-4B3D-AA6C-B29A11425322}.Debug|Any CPU.ActiveCfg = Debug|Any CPU
		{FDEA8A27-E697-4B3D-AA6C-B29A11425322}.Debug|Any CPU.Build.0 = Debug|Any CPU
		{FDEA8A27-E697-4B3D-AA6C-B29A11425322}.Release|Any CPU.ActiveCfg = Release|Any CPU
		{FDEA8A27-E697-4B3D-AA6C-B29A11425322}.Release|Any CPU.Build.0 = Release|Any CPU
		{DFDF017A-2B73-48B9-979F-D6A83DFFC5DB}.Debug|Any CPU.ActiveCfg = Debug|Any CPU
		{DFDF017A-2B73-48B9-979F-D6A83DFFC5DB}.Debug|Any CPU.Build.0 = Debug|Any CPU
		{DFDF017A-2B73-48B9-979F-D6A83DFFC5DB}.Release|Any CPU.ActiveCfg = Release|Any CPU
		{DFDF017A-2B73-48B9-979F-D6A83DFFC5DB}.Release|Any CPU.Build.0 = Release|Any CPU
		{F30CE8E7-1C70-486B-9AC2-F62FFB741334}.Debug|Any CPU.ActiveCfg = Debug|Any CPU
		{F30CE8E7-1C70-486B-9AC2-F62FFB741334}.Debug|Any CPU.Build.0 = Debug|Any CPU
		{F30CE8E7-1C70-486B-9AC2-F62FFB741334}.Release|Any CPU.ActiveCfg = Release|Any CPU
		{F30CE8E7-1C70-486B-9AC2-F62FFB741334}.Release|Any CPU.Build.0 = Release|Any CPU
	EndGlobalSection
	GlobalSection(SolutionProperties) = preSolution
		HideSolutionNode = FALSE
	EndGlobalSection
	GlobalSection(ExtensibilityGlobals) = postSolution
		SolutionGuid = {6474A756-31F3-4CF2-A5BE-9935A9F1CB32}
	EndGlobalSection
EndGlobal
